// !$*UTF8*$!
{
	archiveVersion = 1;
	classes = {
	};
	objectVersion = 51;
	objects = {

/* Begin PBXBuildFile section */
		4B4A275E411F059D94810249 /* Pods_NobleGoalTests.framework in Frameworks */ = {isa = PBXBuildFile; fileRef = 5A9C6A73912F17BBF1C07AAB /* Pods_NobleGoalTests.framework */; };
		6FEE592277890BE1FE9BB13A /* Pods_NobleGoal.framework in Frameworks */ = {isa = PBXBuildFile; fileRef = 9CE3349EF688D8F48982ED31 /* Pods_NobleGoal.framework */; };
		D00DBA7624E333E500375277 /* NobleGoalUIKit.h in Headers */ = {isa = PBXBuildFile; fileRef = D00DBA7424E333E500375277 /* NobleGoalUIKit.h */; settings = {ATTRIBUTES = (Public, ); }; };
		D00DBA7924E333E500375277 /* NobleGoalUIKit.framework in Frameworks */ = {isa = PBXBuildFile; fileRef = D00DBA7224E333E500375277 /* NobleGoalUIKit.framework */; };
		D00DBA7A24E333E500375277 /* NobleGoalUIKit.framework in Embed Frameworks */ = {isa = PBXBuildFile; fileRef = D00DBA7224E333E500375277 /* NobleGoalUIKit.framework */; settings = {ATTRIBUTES = (CodeSignOnCopy, RemoveHeadersOnCopy, ); }; };
		D00DBA8324E3351400375277 /* ProgressView.swift in Sources */ = {isa = PBXBuildFile; fileRef = D00DBA8224E3351400375277 /* ProgressView.swift */; };
		D00DBA8524E3354200375277 /* CircleProgressView.swift in Sources */ = {isa = PBXBuildFile; fileRef = D00DBA8424E3354200375277 /* CircleProgressView.swift */; };
		D0729699246B2EE40009313D /* AppDelegate.swift in Sources */ = {isa = PBXBuildFile; fileRef = D0729698246B2EE40009313D /* AppDelegate.swift */; };
		D072969D246B2EE40009313D /* ChallengesViewController.swift in Sources */ = {isa = PBXBuildFile; fileRef = D072969C246B2EE40009313D /* ChallengesViewController.swift */; };
		D07296A0246B2EE40009313D /* Main.storyboard in Resources */ = {isa = PBXBuildFile; fileRef = D072969E246B2EE40009313D /* Main.storyboard */; };
		D07296A2246B2EE70009313D /* Assets.xcassets in Resources */ = {isa = PBXBuildFile; fileRef = D07296A1246B2EE70009313D /* Assets.xcassets */; };
		D07296A5246B2EE70009313D /* LaunchScreen.storyboard in Resources */ = {isa = PBXBuildFile; fileRef = D07296A3246B2EE70009313D /* LaunchScreen.storyboard */; };
		D07296B0246B2EE70009313D /* NobleGoalTests.swift in Sources */ = {isa = PBXBuildFile; fileRef = D07296AF246B2EE70009313D /* NobleGoalTests.swift */; };
		D07296BB246B2EE70009313D /* NobleGoalUITests.swift in Sources */ = {isa = PBXBuildFile; fileRef = D07296BA246B2EE70009313D /* NobleGoalUITests.swift */; };
		D07296CD246B32760009313D /* Challenge.swift in Sources */ = {isa = PBXBuildFile; fileRef = D07296CC246B32760009313D /* Challenge.swift */; };
		D07296CF246B39F00009313D /* ChallengeCollectionViewFlowLayout.swift in Sources */ = {isa = PBXBuildFile; fileRef = D07296CE246B39F00009313D /* ChallengeCollectionViewFlowLayout.swift */; };
		D07296D1246B43DA0009313D /* ChallengeCell.swift in Sources */ = {isa = PBXBuildFile; fileRef = D07296D0246B43DA0009313D /* ChallengeCell.swift */; };
		D07296D7246C83DB0009313D /* GoogleService-Info.plist in Resources */ = {isa = PBXBuildFile; fileRef = D07296D6246C83DB0009313D /* GoogleService-Info.plist */; };
		D27E70EB5215122361C04B53 /* Pods_NobleGoal_NobleGoalUITests.framework in Frameworks */ = {isa = PBXBuildFile; fileRef = CEA80D2CFB58F2204B9680D2 /* Pods_NobleGoal_NobleGoalUITests.framework */; };
/* End PBXBuildFile section */

/* Begin PBXContainerItemProxy section */
		D00DBA7724E333E500375277 /* PBXContainerItemProxy */ = {
			isa = PBXContainerItemProxy;
			containerPortal = D072968D246B2EE40009313D /* Project object */;
			proxyType = 1;
			remoteGlobalIDString = D00DBA7124E333E500375277;
			remoteInfo = NobleGoalUIKit;
		};
		D07296AC246B2EE70009313D /* PBXContainerItemProxy */ = {
			isa = PBXContainerItemProxy;
			containerPortal = D072968D246B2EE40009313D /* Project object */;
			proxyType = 1;
			remoteGlobalIDString = D0729694246B2EE40009313D;
			remoteInfo = NobleGoal;
		};
		D07296B7246B2EE70009313D /* PBXContainerItemProxy */ = {
			isa = PBXContainerItemProxy;
			containerPortal = D072968D246B2EE40009313D /* Project object */;
			proxyType = 1;
			remoteGlobalIDString = D0729694246B2EE40009313D;
			remoteInfo = NobleGoal;
		};
/* End PBXContainerItemProxy section */

/* Begin PBXCopyFilesBuildPhase section */
		D00DBA7E24E333E500375277 /* Embed Frameworks */ = {
			isa = PBXCopyFilesBuildPhase;
			buildActionMask = 2147483647;
			dstPath = "";
			dstSubfolderSpec = 10;
			files = (
				D00DBA7A24E333E500375277 /* NobleGoalUIKit.framework in Embed Frameworks */,
			);
			name = "Embed Frameworks";
			runOnlyForDeploymentPostprocessing = 0;
		};
/* End PBXCopyFilesBuildPhase section */

/* Begin PBXFileReference section */
		069E97DF3F0B8E6BF7CCD352 /* Pods-NobleGoal.debug.xcconfig */ = {isa = PBXFileReference; includeInIndex = 1; lastKnownFileType = text.xcconfig; name = "Pods-NobleGoal.debug.xcconfig"; path = "Target Support Files/Pods-NobleGoal/Pods-NobleGoal.debug.xcconfig"; sourceTree = "<group>"; };
		0DD25B166E7C67744D3AD34F /* Pods-NobleGoal-NobleGoalUITests.debug.xcconfig */ = {isa = PBXFileReference; includeInIndex = 1; lastKnownFileType = text.xcconfig; name = "Pods-NobleGoal-NobleGoalUITests.debug.xcconfig"; path = "Target Support Files/Pods-NobleGoal-NobleGoalUITests/Pods-NobleGoal-NobleGoalUITests.debug.xcconfig"; sourceTree = "<group>"; };
		5A9C6A73912F17BBF1C07AAB /* Pods_NobleGoalTests.framework */ = {isa = PBXFileReference; explicitFileType = wrapper.framework; includeInIndex = 0; path = Pods_NobleGoalTests.framework; sourceTree = BUILT_PRODUCTS_DIR; };
		9CE3349EF688D8F48982ED31 /* Pods_NobleGoal.framework */ = {isa = PBXFileReference; explicitFileType = wrapper.framework; includeInIndex = 0; path = Pods_NobleGoal.framework; sourceTree = BUILT_PRODUCTS_DIR; };
		B47E8614F5105EC25C93DA44 /* Pods-NobleGoal.release.xcconfig */ = {isa = PBXFileReference; includeInIndex = 1; lastKnownFileType = text.xcconfig; name = "Pods-NobleGoal.release.xcconfig"; path = "Target Support Files/Pods-NobleGoal/Pods-NobleGoal.release.xcconfig"; sourceTree = "<group>"; };
		B56DFACD63816818BC90C1F4 /* Pods-NobleGoalTests.debug.xcconfig */ = {isa = PBXFileReference; includeInIndex = 1; lastKnownFileType = text.xcconfig; name = "Pods-NobleGoalTests.debug.xcconfig"; path = "Target Support Files/Pods-NobleGoalTests/Pods-NobleGoalTests.debug.xcconfig"; sourceTree = "<group>"; };
		C5B239ECBA1062057CE5D00A /* Pods-NobleGoal-NobleGoalUITests.release.xcconfig */ = {isa = PBXFileReference; includeInIndex = 1; lastKnownFileType = text.xcconfig; name = "Pods-NobleGoal-NobleGoalUITests.release.xcconfig"; path = "Target Support Files/Pods-NobleGoal-NobleGoalUITests/Pods-NobleGoal-NobleGoalUITests.release.xcconfig"; sourceTree = "<group>"; };
		CEA80D2CFB58F2204B9680D2 /* Pods_NobleGoal_NobleGoalUITests.framework */ = {isa = PBXFileReference; explicitFileType = wrapper.framework; includeInIndex = 0; path = Pods_NobleGoal_NobleGoalUITests.framework; sourceTree = BUILT_PRODUCTS_DIR; };
		D00DBA7224E333E500375277 /* NobleGoalUIKit.framework */ = {isa = PBXFileReference; explicitFileType = wrapper.framework; includeInIndex = 0; path = NobleGoalUIKit.framework; sourceTree = BUILT_PRODUCTS_DIR; };
		D00DBA7424E333E500375277 /* NobleGoalUIKit.h */ = {isa = PBXFileReference; lastKnownFileType = sourcecode.c.h; path = NobleGoalUIKit.h; sourceTree = "<group>"; };
		D00DBA7524E333E500375277 /* Info.plist */ = {isa = PBXFileReference; lastKnownFileType = text.plist.xml; path = Info.plist; sourceTree = "<group>"; };
		D00DBA8224E3351400375277 /* ProgressView.swift */ = {isa = PBXFileReference; lastKnownFileType = sourcecode.swift; path = ProgressView.swift; sourceTree = "<group>"; };
		D00DBA8424E3354200375277 /* CircleProgressView.swift */ = {isa = PBXFileReference; lastKnownFileType = sourcecode.swift; path = CircleProgressView.swift; sourceTree = "<group>"; };
		D0729695246B2EE40009313D /* NobleGoal.app */ = {isa = PBXFileReference; explicitFileType = wrapper.application; includeInIndex = 0; path = NobleGoal.app; sourceTree = BUILT_PRODUCTS_DIR; };
		D0729698246B2EE40009313D /* AppDelegate.swift */ = {isa = PBXFileReference; lastKnownFileType = sourcecode.swift; path = AppDelegate.swift; sourceTree = "<group>"; };
		D072969C246B2EE40009313D /* ChallengesViewController.swift */ = {isa = PBXFileReference; lastKnownFileType = sourcecode.swift; path = ChallengesViewController.swift; sourceTree = "<group>"; };
		D072969F246B2EE40009313D /* Base */ = {isa = PBXFileReference; lastKnownFileType = file.storyboard; name = Base; path = Base.lproj/Main.storyboard; sourceTree = "<group>"; };
		D07296A1246B2EE70009313D /* Assets.xcassets */ = {isa = PBXFileReference; lastKnownFileType = folder.assetcatalog; path = Assets.xcassets; sourceTree = "<group>"; };
		D07296A4246B2EE70009313D /* Base */ = {isa = PBXFileReference; lastKnownFileType = file.storyboard; name = Base; path = Base.lproj/LaunchScreen.storyboard; sourceTree = "<group>"; };
		D07296A6246B2EE70009313D /* Info.plist */ = {isa = PBXFileReference; lastKnownFileType = text.plist.xml; path = Info.plist; sourceTree = "<group>"; };
		D07296AB246B2EE70009313D /* NobleGoalTests.xctest */ = {isa = PBXFileReference; explicitFileType = wrapper.cfbundle; includeInIndex = 0; path = NobleGoalTests.xctest; sourceTree = BUILT_PRODUCTS_DIR; };
		D07296AF246B2EE70009313D /* NobleGoalTests.swift */ = {isa = PBXFileReference; lastKnownFileType = sourcecode.swift; path = NobleGoalTests.swift; sourceTree = "<group>"; };
		D07296B1246B2EE70009313D /* Info.plist */ = {isa = PBXFileReference; lastKnownFileType = text.plist.xml; path = Info.plist; sourceTree = "<group>"; };
		D07296B6246B2EE70009313D /* NobleGoalUITests.xctest */ = {isa = PBXFileReference; explicitFileType = wrapper.cfbundle; includeInIndex = 0; path = NobleGoalUITests.xctest; sourceTree = BUILT_PRODUCTS_DIR; };
		D07296BA246B2EE70009313D /* NobleGoalUITests.swift */ = {isa = PBXFileReference; lastKnownFileType = sourcecode.swift; path = NobleGoalUITests.swift; sourceTree = "<group>"; };
		D07296BC246B2EE70009313D /* Info.plist */ = {isa = PBXFileReference; lastKnownFileType = text.plist.xml; path = Info.plist; sourceTree = "<group>"; };
		D07296CC246B32760009313D /* Challenge.swift */ = {isa = PBXFileReference; lastKnownFileType = sourcecode.swift; path = Challenge.swift; sourceTree = "<group>"; };
		D07296CE246B39F00009313D /* ChallengeCollectionViewFlowLayout.swift */ = {isa = PBXFileReference; lastKnownFileType = sourcecode.swift; path = ChallengeCollectionViewFlowLayout.swift; sourceTree = "<group>"; };
		D07296D0246B43DA0009313D /* ChallengeCell.swift */ = {isa = PBXFileReference; lastKnownFileType = sourcecode.swift; path = ChallengeCell.swift; sourceTree = "<group>"; };
		D07296D6246C83DB0009313D /* GoogleService-Info.plist */ = {isa = PBXFileReference; fileEncoding = 4; lastKnownFileType = text.plist.xml; path = "GoogleService-Info.plist"; sourceTree = "<group>"; };
		FD2FDFB6E5BDB8A9A1955923 /* Pods-NobleGoalTests.release.xcconfig */ = {isa = PBXFileReference; includeInIndex = 1; lastKnownFileType = text.xcconfig; name = "Pods-NobleGoalTests.release.xcconfig"; path = "Target Support Files/Pods-NobleGoalTests/Pods-NobleGoalTests.release.xcconfig"; sourceTree = "<group>"; };
/* End PBXFileReference section */

/* Begin PBXFrameworksBuildPhase section */
		D00DBA6F24E333E500375277 /* Frameworks */ = {
			isa = PBXFrameworksBuildPhase;
			buildActionMask = 2147483647;
			files = (
			);
			runOnlyForDeploymentPostprocessing = 0;
		};
		D0729692246B2EE40009313D /* Frameworks */ = {
			isa = PBXFrameworksBuildPhase;
			buildActionMask = 2147483647;
			files = (
				6FEE592277890BE1FE9BB13A /* Pods_NobleGoal.framework in Frameworks */,
				D00DBA7924E333E500375277 /* NobleGoalUIKit.framework in Frameworks */,
			);
			runOnlyForDeploymentPostprocessing = 0;
		};
		D07296A8246B2EE70009313D /* Frameworks */ = {
			isa = PBXFrameworksBuildPhase;
			buildActionMask = 2147483647;
			files = (
				4B4A275E411F059D94810249 /* Pods_NobleGoalTests.framework in Frameworks */,
			);
			runOnlyForDeploymentPostprocessing = 0;
		};
		D07296B3246B2EE70009313D /* Frameworks */ = {
			isa = PBXFrameworksBuildPhase;
			buildActionMask = 2147483647;
			files = (
				D27E70EB5215122361C04B53 /* Pods_NobleGoal_NobleGoalUITests.framework in Frameworks */,
			);
			runOnlyForDeploymentPostprocessing = 0;
		};
/* End PBXFrameworksBuildPhase section */

/* Begin PBXGroup section */
		A72076A364986FB5FF8402F2 /* Frameworks */ = {
			isa = PBXGroup;
			children = (
				9CE3349EF688D8F48982ED31 /* Pods_NobleGoal.framework */,
				CEA80D2CFB58F2204B9680D2 /* Pods_NobleGoal_NobleGoalUITests.framework */,
				5A9C6A73912F17BBF1C07AAB /* Pods_NobleGoalTests.framework */,
			);
			name = Frameworks;
			sourceTree = "<group>";
		};
		D00DBA7324E333E500375277 /* NobleGoalUIKit */ = {
			isa = PBXGroup;
			children = (
				D00DBA8124E3343700375277 /* Sources */,
				D00DBA8024E3342500375277 /* Header */,
				D00DBA7524E333E500375277 /* Info.plist */,
			);
			path = NobleGoalUIKit;
			sourceTree = "<group>";
		};
		D00DBA7F24E333F600375277 /* Vendors */ = {
			isa = PBXGroup;
			children = (
				D00DBA7324E333E500375277 /* NobleGoalUIKit */,
			);
			path = Vendors;
			sourceTree = "<group>";
		};
		D00DBA8024E3342500375277 /* Header */ = {
			isa = PBXGroup;
			children = (
				D00DBA7424E333E500375277 /* NobleGoalUIKit.h */,
			);
			path = Header;
			sourceTree = "<group>";
		};
		D00DBA8124E3343700375277 /* Sources */ = {
			isa = PBXGroup;
			children = (
				D00DBA8624E3357300375277 /* ProgressView */,
			);
			path = Sources;
			sourceTree = "<group>";
		};
		D00DBA8624E3357300375277 /* ProgressView */ = {
			isa = PBXGroup;
			children = (
				D00DBA8224E3351400375277 /* ProgressView.swift */,
				D00DBA8424E3354200375277 /* CircleProgressView.swift */,
			);
			path = ProgressView;
			sourceTree = "<group>";
		};
		D072968C246B2EE40009313D = {
			isa = PBXGroup;
			children = (
				D07296D6246C83DB0009313D /* GoogleService-Info.plist */,
				A72076A364986FB5FF8402F2 /* Frameworks */,
				D0729697246B2EE40009313D /* NobleGoal */,
				D07296AE246B2EE70009313D /* NobleGoalTests */,
				D07296B9246B2EE70009313D /* NobleGoalUITests */,
				D42DCED39620616205F5CCE2 /* Pods */,
				D0729696246B2EE40009313D /* Products */,
				D00DBA7F24E333F600375277 /* Vendors */,
			);
			sourceTree = "<group>";
		};
		D0729696246B2EE40009313D /* Products */ = {
			isa = PBXGroup;
			children = (
				D0729695246B2EE40009313D /* NobleGoal.app */,
				D07296AB246B2EE70009313D /* NobleGoalTests.xctest */,
				D07296B6246B2EE70009313D /* NobleGoalUITests.xctest */,
				D00DBA7224E333E500375277 /* NobleGoalUIKit.framework */,
			);
			name = Products;
			sourceTree = "<group>";
		};
		D0729697246B2EE40009313D /* NobleGoal */ = {
			isa = PBXGroup;
			children = (
				D07296CA246B2F4B0009313D /* Config */,
				D07296C9246B2F370009313D /* Resources */,
				D07296C8246B2F2D0009313D /* Modules */,
				D0729698246B2EE40009313D /* AppDelegate.swift */,
				D072969E246B2EE40009313D /* Main.storyboard */,
				D07296A3246B2EE70009313D /* LaunchScreen.storyboard */,
			);
			path = NobleGoal;
			sourceTree = "<group>";
		};
		D07296AE246B2EE70009313D /* NobleGoalTests */ = {
			isa = PBXGroup;
			children = (
				D07296AF246B2EE70009313D /* NobleGoalTests.swift */,
				D07296B1246B2EE70009313D /* Info.plist */,
			);
			path = NobleGoalTests;
			sourceTree = "<group>";
		};
		D07296B9246B2EE70009313D /* NobleGoalUITests */ = {
			isa = PBXGroup;
			children = (
				D07296BA246B2EE70009313D /* NobleGoalUITests.swift */,
				D07296BC246B2EE70009313D /* Info.plist */,
			);
			path = NobleGoalUITests;
			sourceTree = "<group>";
		};
		D07296C8246B2F2D0009313D /* Modules */ = {
			isa = PBXGroup;
			children = (
				D07296CB246B30EC0009313D /* Challenges */,
			);
			path = Modules;
			sourceTree = "<group>";
		};
		D07296C9246B2F370009313D /* Resources */ = {
			isa = PBXGroup;
			children = (
				D07296A1246B2EE70009313D /* Assets.xcassets */,
			);
			path = Resources;
			sourceTree = "<group>";
		};
		D07296CA246B2F4B0009313D /* Config */ = {
			isa = PBXGroup;
			children = (
				D07296A6246B2EE70009313D /* Info.plist */,
			);
			path = Config;
			sourceTree = "<group>";
		};
		D07296CB246B30EC0009313D /* Challenges */ = {
			isa = PBXGroup;
			children = (
				D072969C246B2EE40009313D /* ChallengesViewController.swift */,
				D07296CC246B32760009313D /* Challenge.swift */,
				D07296CE246B39F00009313D /* ChallengeCollectionViewFlowLayout.swift */,
				D07296D0246B43DA0009313D /* ChallengeCell.swift */,
			);
			path = Challenges;
			sourceTree = "<group>";
		};
		D42DCED39620616205F5CCE2 /* Pods */ = {
			isa = PBXGroup;
			children = (
				069E97DF3F0B8E6BF7CCD352 /* Pods-NobleGoal.debug.xcconfig */,
				B47E8614F5105EC25C93DA44 /* Pods-NobleGoal.release.xcconfig */,
				0DD25B166E7C67744D3AD34F /* Pods-NobleGoal-NobleGoalUITests.debug.xcconfig */,
				C5B239ECBA1062057CE5D00A /* Pods-NobleGoal-NobleGoalUITests.release.xcconfig */,
				B56DFACD63816818BC90C1F4 /* Pods-NobleGoalTests.debug.xcconfig */,
				FD2FDFB6E5BDB8A9A1955923 /* Pods-NobleGoalTests.release.xcconfig */,
			);
			path = Pods;
			sourceTree = "<group>";
		};
/* End PBXGroup section */

/* Begin PBXHeadersBuildPhase section */
		D00DBA6D24E333E500375277 /* Headers */ = {
			isa = PBXHeadersBuildPhase;
			buildActionMask = 2147483647;
			files = (
				D00DBA7624E333E500375277 /* NobleGoalUIKit.h in Headers */,
			);
			runOnlyForDeploymentPostprocessing = 0;
		};
/* End PBXHeadersBuildPhase section */

/* Begin PBXNativeTarget section */
		D00DBA7124E333E500375277 /* NobleGoalUIKit */ = {
			isa = PBXNativeTarget;
			buildConfigurationList = D00DBA7B24E333E500375277 /* Build configuration list for PBXNativeTarget "NobleGoalUIKit" */;
			buildPhases = (
				D00DBA6D24E333E500375277 /* Headers */,
				D00DBA6E24E333E500375277 /* Sources */,
				D00DBA6F24E333E500375277 /* Frameworks */,
				D00DBA7024E333E500375277 /* Resources */,
			);
			buildRules = (
			);
			dependencies = (
			);
			name = NobleGoalUIKit;
			productName = NobleGoalUIKit;
			productReference = D00DBA7224E333E500375277 /* NobleGoalUIKit.framework */;
			productType = "com.apple.product-type.framework";
		};
		D0729694246B2EE40009313D /* NobleGoal */ = {
			isa = PBXNativeTarget;
			buildConfigurationList = D07296BF246B2EE70009313D /* Build configuration list for PBXNativeTarget "NobleGoal" */;
			buildPhases = (
				01DA81BE522AA2860B9B422E /* [CP] Check Pods Manifest.lock */,
				D0729691246B2EE40009313D /* Sources */,
				D0729692246B2EE40009313D /* Frameworks */,
				D0729693246B2EE40009313D /* Resources */,
				715DFF9074FB0F95F5EA9D51 /* [CP] Embed Pods Frameworks */,
				D00DBA7E24E333E500375277 /* Embed Frameworks */,
			);
			buildRules = (
			);
			dependencies = (
				D00DBA7824E333E500375277 /* PBXTargetDependency */,
			);
			name = NobleGoal;
			productName = NobleGoal;
			productReference = D0729695246B2EE40009313D /* NobleGoal.app */;
			productType = "com.apple.product-type.application";
		};
		D07296AA246B2EE70009313D /* NobleGoalTests */ = {
			isa = PBXNativeTarget;
			buildConfigurationList = D07296C2246B2EE70009313D /* Build configuration list for PBXNativeTarget "NobleGoalTests" */;
			buildPhases = (
				2CD1088809C2E1C9C6446BC3 /* [CP] Check Pods Manifest.lock */,
				D07296A7246B2EE70009313D /* Sources */,
				D07296A8246B2EE70009313D /* Frameworks */,
				D07296A9246B2EE70009313D /* Resources */,
			);
			buildRules = (
			);
			dependencies = (
				D07296AD246B2EE70009313D /* PBXTargetDependency */,
			);
			name = NobleGoalTests;
			productName = NobleGoalTests;
			productReference = D07296AB246B2EE70009313D /* NobleGoalTests.xctest */;
			productType = "com.apple.product-type.bundle.unit-test";
		};
		D07296B5246B2EE70009313D /* NobleGoalUITests */ = {
			isa = PBXNativeTarget;
			buildConfigurationList = D07296C5246B2EE70009313D /* Build configuration list for PBXNativeTarget "NobleGoalUITests" */;
			buildPhases = (
				2E681B7BA207C5577C295D6C /* [CP] Check Pods Manifest.lock */,
				D07296B2246B2EE70009313D /* Sources */,
				D07296B3246B2EE70009313D /* Frameworks */,
				D07296B4246B2EE70009313D /* Resources */,
				FC9E06BC5BA51843FF300BA1 /* [CP] Embed Pods Frameworks */,
			);
			buildRules = (
			);
			dependencies = (
				D07296B8246B2EE70009313D /* PBXTargetDependency */,
			);
			name = NobleGoalUITests;
			productName = NobleGoalUITests;
			productReference = D07296B6246B2EE70009313D /* NobleGoalUITests.xctest */;
			productType = "com.apple.product-type.bundle.ui-testing";
		};
/* End PBXNativeTarget section */

/* Begin PBXProject section */
		D072968D246B2EE40009313D /* Project object */ = {
			isa = PBXProject;
			attributes = {
				LastSwiftUpdateCheck = 1140;
				LastUpgradeCheck = 1140;
				ORGANIZATIONNAME = "Mike Chernikov";
				TargetAttributes = {
					D00DBA7124E333E500375277 = {
						CreatedOnToolsVersion = 11.4;
						LastSwiftMigration = 1140;
					};
					D0729694246B2EE40009313D = {
						CreatedOnToolsVersion = 11.4;
					};
					D07296AA246B2EE70009313D = {
						CreatedOnToolsVersion = 11.4;
						TestTargetID = D0729694246B2EE40009313D;
					};
					D07296B5246B2EE70009313D = {
						CreatedOnToolsVersion = 11.4;
						TestTargetID = D0729694246B2EE40009313D;
					};
				};
			};
			buildConfigurationList = D0729690246B2EE40009313D /* Build configuration list for PBXProject "NobleGoal" */;
			compatibilityVersion = "Xcode 9.3";
			developmentRegion = en;
			hasScannedForEncodings = 0;
			knownRegions = (
				en,
				Base,
			);
			mainGroup = D072968C246B2EE40009313D;
			productRefGroup = D0729696246B2EE40009313D /* Products */;
			projectDirPath = "";
			projectRoot = "";
			targets = (
				D0729694246B2EE40009313D /* NobleGoal */,
				D07296AA246B2EE70009313D /* NobleGoalTests */,
				D07296B5246B2EE70009313D /* NobleGoalUITests */,
				D00DBA7124E333E500375277 /* NobleGoalUIKit */,
			);
		};
/* End PBXProject section */

/* Begin PBXResourcesBuildPhase section */
		D00DBA7024E333E500375277 /* Resources */ = {
			isa = PBXResourcesBuildPhase;
			buildActionMask = 2147483647;
			files = (
			);
			runOnlyForDeploymentPostprocessing = 0;
		};
		D0729693246B2EE40009313D /* Resources */ = {
			isa = PBXResourcesBuildPhase;
			buildActionMask = 2147483647;
			files = (
				D07296A5246B2EE70009313D /* LaunchScreen.storyboard in Resources */,
				D07296A2246B2EE70009313D /* Assets.xcassets in Resources */,
				D07296A0246B2EE40009313D /* Main.storyboard in Resources */,
				D07296D7246C83DB0009313D /* GoogleService-Info.plist in Resources */,
			);
			runOnlyForDeploymentPostprocessing = 0;
		};
		D07296A9246B2EE70009313D /* Resources */ = {
			isa = PBXResourcesBuildPhase;
			buildActionMask = 2147483647;
			files = (
			);
			runOnlyForDeploymentPostprocessing = 0;
		};
		D07296B4246B2EE70009313D /* Resources */ = {
			isa = PBXResourcesBuildPhase;
			buildActionMask = 2147483647;
			files = (
			);
			runOnlyForDeploymentPostprocessing = 0;
		};
/* End PBXResourcesBuildPhase section */

/* Begin PBXShellScriptBuildPhase section */
		01DA81BE522AA2860B9B422E /* [CP] Check Pods Manifest.lock */ = {
			isa = PBXShellScriptBuildPhase;
			buildActionMask = 2147483647;
			files = (
			);
			inputFileListPaths = (
			);
			inputPaths = (
				"${PODS_PODFILE_DIR_PATH}/Podfile.lock",
				"${PODS_ROOT}/Manifest.lock",
			);
			name = "[CP] Check Pods Manifest.lock";
			outputFileListPaths = (
			);
			outputPaths = (
				"$(DERIVED_FILE_DIR)/Pods-NobleGoal-checkManifestLockResult.txt",
			);
			runOnlyForDeploymentPostprocessing = 0;
			shellPath = /bin/sh;
			shellScript = "diff \"${PODS_PODFILE_DIR_PATH}/Podfile.lock\" \"${PODS_ROOT}/Manifest.lock\" > /dev/null\nif [ $? != 0 ] ; then\n    # print error to STDERR\n    echo \"error: The sandbox is not in sync with the Podfile.lock. Run 'pod install' or update your CocoaPods installation.\" >&2\n    exit 1\nfi\n# This output is used by Xcode 'outputs' to avoid re-running this script phase.\necho \"SUCCESS\" > \"${SCRIPT_OUTPUT_FILE_0}\"\n";
			showEnvVarsInLog = 0;
		};
		2CD1088809C2E1C9C6446BC3 /* [CP] Check Pods Manifest.lock */ = {
			isa = PBXShellScriptBuildPhase;
			buildActionMask = 2147483647;
			files = (
			);
			inputFileListPaths = (
			);
			inputPaths = (
				"${PODS_PODFILE_DIR_PATH}/Podfile.lock",
				"${PODS_ROOT}/Manifest.lock",
			);
			name = "[CP] Check Pods Manifest.lock";
			outputFileListPaths = (
			);
			outputPaths = (
				"$(DERIVED_FILE_DIR)/Pods-NobleGoalTests-checkManifestLockResult.txt",
			);
			runOnlyForDeploymentPostprocessing = 0;
			shellPath = /bin/sh;
			shellScript = "diff \"${PODS_PODFILE_DIR_PATH}/Podfile.lock\" \"${PODS_ROOT}/Manifest.lock\" > /dev/null\nif [ $? != 0 ] ; then\n    # print error to STDERR\n    echo \"error: The sandbox is not in sync with the Podfile.lock. Run 'pod install' or update your CocoaPods installation.\" >&2\n    exit 1\nfi\n# This output is used by Xcode 'outputs' to avoid re-running this script phase.\necho \"SUCCESS\" > \"${SCRIPT_OUTPUT_FILE_0}\"\n";
			showEnvVarsInLog = 0;
		};
		2E681B7BA207C5577C295D6C /* [CP] Check Pods Manifest.lock */ = {
			isa = PBXShellScriptBuildPhase;
			buildActionMask = 2147483647;
			files = (
			);
			inputFileListPaths = (
			);
			inputPaths = (
				"${PODS_PODFILE_DIR_PATH}/Podfile.lock",
				"${PODS_ROOT}/Manifest.lock",
			);
			name = "[CP] Check Pods Manifest.lock";
			outputFileListPaths = (
			);
			outputPaths = (
				"$(DERIVED_FILE_DIR)/Pods-NobleGoal-NobleGoalUITests-checkManifestLockResult.txt",
			);
			runOnlyForDeploymentPostprocessing = 0;
			shellPath = /bin/sh;
			shellScript = "diff \"${PODS_PODFILE_DIR_PATH}/Podfile.lock\" \"${PODS_ROOT}/Manifest.lock\" > /dev/null\nif [ $? != 0 ] ; then\n    # print error to STDERR\n    echo \"error: The sandbox is not in sync with the Podfile.lock. Run 'pod install' or update your CocoaPods installation.\" >&2\n    exit 1\nfi\n# This output is used by Xcode 'outputs' to avoid re-running this script phase.\necho \"SUCCESS\" > \"${SCRIPT_OUTPUT_FILE_0}\"\n";
			showEnvVarsInLog = 0;
		};
		715DFF9074FB0F95F5EA9D51 /* [CP] Embed Pods Frameworks */ = {
			isa = PBXShellScriptBuildPhase;
			buildActionMask = 2147483647;
			files = (
			);
			inputFileListPaths = (
				"${PODS_ROOT}/Target Support Files/Pods-NobleGoal/Pods-NobleGoal-frameworks-${CONFIGURATION}-input-files.xcfilelist",
			);
			name = "[CP] Embed Pods Frameworks";
			outputFileListPaths = (
				"${PODS_ROOT}/Target Support Files/Pods-NobleGoal/Pods-NobleGoal-frameworks-${CONFIGURATION}-output-files.xcfilelist",
			);
			runOnlyForDeploymentPostprocessing = 0;
			shellPath = /bin/sh;
			shellScript = "\"${PODS_ROOT}/Target Support Files/Pods-NobleGoal/Pods-NobleGoal-frameworks.sh\"\n";
			showEnvVarsInLog = 0;
		};
		FC9E06BC5BA51843FF300BA1 /* [CP] Embed Pods Frameworks */ = {
			isa = PBXShellScriptBuildPhase;
			buildActionMask = 2147483647;
			files = (
			);
			inputFileListPaths = (
				"${PODS_ROOT}/Target Support Files/Pods-NobleGoal-NobleGoalUITests/Pods-NobleGoal-NobleGoalUITests-frameworks-${CONFIGURATION}-input-files.xcfilelist",
			);
			name = "[CP] Embed Pods Frameworks";
			outputFileListPaths = (
				"${PODS_ROOT}/Target Support Files/Pods-NobleGoal-NobleGoalUITests/Pods-NobleGoal-NobleGoalUITests-frameworks-${CONFIGURATION}-output-files.xcfilelist",
			);
			runOnlyForDeploymentPostprocessing = 0;
			shellPath = /bin/sh;
			shellScript = "\"${PODS_ROOT}/Target Support Files/Pods-NobleGoal-NobleGoalUITests/Pods-NobleGoal-NobleGoalUITests-frameworks.sh\"\n";
			showEnvVarsInLog = 0;
		};
/* End PBXShellScriptBuildPhase section */

/* Begin PBXSourcesBuildPhase section */
		D00DBA6E24E333E500375277 /* Sources */ = {
			isa = PBXSourcesBuildPhase;
			buildActionMask = 2147483647;
			files = (
				D00DBA8324E3351400375277 /* ProgressView.swift in Sources */,
				D00DBA8524E3354200375277 /* CircleProgressView.swift in Sources */,
			);
			runOnlyForDeploymentPostprocessing = 0;
		};
		D0729691246B2EE40009313D /* Sources */ = {
			isa = PBXSourcesBuildPhase;
			buildActionMask = 2147483647;
			files = (
				D07296D1246B43DA0009313D /* ChallengeCell.swift in Sources */,
				D072969D246B2EE40009313D /* ChallengesViewController.swift in Sources */,
				D07296CD246B32760009313D /* Challenge.swift in Sources */,
				D07296CF246B39F00009313D /* ChallengeCollectionViewFlowLayout.swift in Sources */,
				D0729699246B2EE40009313D /* AppDelegate.swift in Sources */,
			);
			runOnlyForDeploymentPostprocessing = 0;
		};
		D07296A7246B2EE70009313D /* Sources */ = {
			isa = PBXSourcesBuildPhase;
			buildActionMask = 2147483647;
			files = (
				D07296B0246B2EE70009313D /* NobleGoalTests.swift in Sources */,
			);
			runOnlyForDeploymentPostprocessing = 0;
		};
		D07296B2246B2EE70009313D /* Sources */ = {
			isa = PBXSourcesBuildPhase;
			buildActionMask = 2147483647;
			files = (
				D07296BB246B2EE70009313D /* NobleGoalUITests.swift in Sources */,
			);
			runOnlyForDeploymentPostprocessing = 0;
		};
/* End PBXSourcesBuildPhase section */

/* Begin PBXTargetDependency section */
		D00DBA7824E333E500375277 /* PBXTargetDependency */ = {
			isa = PBXTargetDependency;
			target = D00DBA7124E333E500375277 /* NobleGoalUIKit */;
			targetProxy = D00DBA7724E333E500375277 /* PBXContainerItemProxy */;
		};
		D07296AD246B2EE70009313D /* PBXTargetDependency */ = {
			isa = PBXTargetDependency;
			target = D0729694246B2EE40009313D /* NobleGoal */;
			targetProxy = D07296AC246B2EE70009313D /* PBXContainerItemProxy */;
		};
		D07296B8246B2EE70009313D /* PBXTargetDependency */ = {
			isa = PBXTargetDependency;
			target = D0729694246B2EE40009313D /* NobleGoal */;
			targetProxy = D07296B7246B2EE70009313D /* PBXContainerItemProxy */;
		};
/* End PBXTargetDependency section */

/* Begin PBXVariantGroup section */
		D072969E246B2EE40009313D /* Main.storyboard */ = {
			isa = PBXVariantGroup;
			children = (
				D072969F246B2EE40009313D /* Base */,
			);
			name = Main.storyboard;
			sourceTree = "<group>";
		};
		D07296A3246B2EE70009313D /* LaunchScreen.storyboard */ = {
			isa = PBXVariantGroup;
			children = (
				D07296A4246B2EE70009313D /* Base */,
			);
			name = LaunchScreen.storyboard;
			sourceTree = "<group>";
		};
/* End PBXVariantGroup section */

/* Begin XCBuildConfiguration section */
		D00DBA7C24E333E500375277 /* Debug */ = {
			isa = XCBuildConfiguration;
			buildSettings = {
				CLANG_ENABLE_MODULES = YES;
				CODE_SIGN_STYLE = Automatic;
				CURRENT_PROJECT_VERSION = 1;
				DEFINES_MODULE = YES;
				DEVELOPMENT_TEAM = B4Q34X3MCH;
				DYLIB_COMPATIBILITY_VERSION = 1;
				DYLIB_CURRENT_VERSION = 1;
				DYLIB_INSTALL_NAME_BASE = "@rpath";
				INFOPLIST_FILE = Vendors/NobleGoalUIKit/Info.plist;
				INSTALL_PATH = "$(LOCAL_LIBRARY_DIR)/Frameworks";
				LD_RUNPATH_SEARCH_PATHS = (
					"$(inherited)",
					"@executable_path/Frameworks",
					"@loader_path/Frameworks",
				);
				PRODUCT_BUNDLE_IDENTIFIER = mike.chernikov.NobleGoalUIKit;
				PRODUCT_NAME = "$(TARGET_NAME:c99extidentifier)";
				SKIP_INSTALL = YES;
				SWIFT_OPTIMIZATION_LEVEL = "-Onone";
				SWIFT_VERSION = 5.0;
				TARGETED_DEVICE_FAMILY = "1,2";
				VERSIONING_SYSTEM = "apple-generic";
				VERSION_INFO_PREFIX = "";
			};
			name = Debug;
		};
		D00DBA7D24E333E500375277 /* Release */ = {
			isa = XCBuildConfiguration;
			buildSettings = {
				CLANG_ENABLE_MODULES = YES;
				CODE_SIGN_STYLE = Automatic;
				CURRENT_PROJECT_VERSION = 1;
				DEFINES_MODULE = YES;
				DEVELOPMENT_TEAM = B4Q34X3MCH;
				DYLIB_COMPATIBILITY_VERSION = 1;
				DYLIB_CURRENT_VERSION = 1;
				DYLIB_INSTALL_NAME_BASE = "@rpath";
				INFOPLIST_FILE = Vendors/NobleGoalUIKit/Info.plist;
				INSTALL_PATH = "$(LOCAL_LIBRARY_DIR)/Frameworks";
				LD_RUNPATH_SEARCH_PATHS = (
					"$(inherited)",
					"@executable_path/Frameworks",
					"@loader_path/Frameworks",
				);
				PRODUCT_BUNDLE_IDENTIFIER = mike.chernikov.NobleGoalUIKit;
				PRODUCT_NAME = "$(TARGET_NAME:c99extidentifier)";
				SKIP_INSTALL = YES;
				SWIFT_VERSION = 5.0;
				TARGETED_DEVICE_FAMILY = "1,2";
				VERSIONING_SYSTEM = "apple-generic";
				VERSION_INFO_PREFIX = "";
			};
			name = Release;
		};
		D07296BD246B2EE70009313D /* Debug */ = {
			isa = XCBuildConfiguration;
			buildSettings = {
				ALWAYS_SEARCH_USER_PATHS = NO;
				CLANG_ANALYZER_NONNULL = YES;
				CLANG_ANALYZER_NUMBER_OBJECT_CONVERSION = YES_AGGRESSIVE;
				CLANG_CXX_LANGUAGE_STANDARD = "gnu++14";
				CLANG_CXX_LIBRARY = "libc++";
				CLANG_ENABLE_MODULES = YES;
				CLANG_ENABLE_OBJC_ARC = YES;
				CLANG_ENABLE_OBJC_WEAK = YES;
				CLANG_WARN_BLOCK_CAPTURE_AUTORELEASING = YES;
				CLANG_WARN_BOOL_CONVERSION = YES;
				CLANG_WARN_COMMA = YES;
				CLANG_WARN_CONSTANT_CONVERSION = YES;
				CLANG_WARN_DEPRECATED_OBJC_IMPLEMENTATIONS = YES;
				CLANG_WARN_DIRECT_OBJC_ISA_USAGE = YES_ERROR;
				CLANG_WARN_DOCUMENTATION_COMMENTS = YES;
				CLANG_WARN_EMPTY_BODY = YES;
				CLANG_WARN_ENUM_CONVERSION = YES;
				CLANG_WARN_INFINITE_RECURSION = YES;
				CLANG_WARN_INT_CONVERSION = YES;
				CLANG_WARN_NON_LITERAL_NULL_CONVERSION = YES;
				CLANG_WARN_OBJC_IMPLICIT_RETAIN_SELF = YES;
				CLANG_WARN_OBJC_LITERAL_CONVERSION = YES;
				CLANG_WARN_OBJC_ROOT_CLASS = YES_ERROR;
				CLANG_WARN_RANGE_LOOP_ANALYSIS = YES;
				CLANG_WARN_STRICT_PROTOTYPES = YES;
				CLANG_WARN_SUSPICIOUS_MOVE = YES;
				CLANG_WARN_UNGUARDED_AVAILABILITY = YES_AGGRESSIVE;
				CLANG_WARN_UNREACHABLE_CODE = YES;
				CLANG_WARN__DUPLICATE_METHOD_MATCH = YES;
				COPY_PHASE_STRIP = NO;
				DEBUG_INFORMATION_FORMAT = dwarf;
				ENABLE_STRICT_OBJC_MSGSEND = YES;
				ENABLE_TESTABILITY = YES;
				GCC_C_LANGUAGE_STANDARD = gnu11;
				GCC_DYNAMIC_NO_PIC = NO;
				GCC_NO_COMMON_BLOCKS = YES;
				GCC_OPTIMIZATION_LEVEL = 0;
				GCC_PREPROCESSOR_DEFINITIONS = (
					"DEBUG=1",
					"$(inherited)",
				);
				GCC_WARN_64_TO_32_BIT_CONVERSION = YES;
				GCC_WARN_ABOUT_RETURN_TYPE = YES_ERROR;
				GCC_WARN_UNDECLARED_SELECTOR = YES;
				GCC_WARN_UNINITIALIZED_AUTOS = YES_AGGRESSIVE;
				GCC_WARN_UNUSED_FUNCTION = YES;
				GCC_WARN_UNUSED_VARIABLE = YES;
				IPHONEOS_DEPLOYMENT_TARGET = 13.4;
				MTL_ENABLE_DEBUG_INFO = INCLUDE_SOURCE;
				MTL_FAST_MATH = YES;
				ONLY_ACTIVE_ARCH = YES;
				SDKROOT = iphoneos;
				SWIFT_ACTIVE_COMPILATION_CONDITIONS = DEBUG;
				SWIFT_OPTIMIZATION_LEVEL = "-Onone";
			};
			name = Debug;
		};
		D07296BE246B2EE70009313D /* Release */ = {
			isa = XCBuildConfiguration;
			buildSettings = {
				ALWAYS_SEARCH_USER_PATHS = NO;
				CLANG_ANALYZER_NONNULL = YES;
				CLANG_ANALYZER_NUMBER_OBJECT_CONVERSION = YES_AGGRESSIVE;
				CLANG_CXX_LANGUAGE_STANDARD = "gnu++14";
				CLANG_CXX_LIBRARY = "libc++";
				CLANG_ENABLE_MODULES = YES;
				CLANG_ENABLE_OBJC_ARC = YES;
				CLANG_ENABLE_OBJC_WEAK = YES;
				CLANG_WARN_BLOCK_CAPTURE_AUTORELEASING = YES;
				CLANG_WARN_BOOL_CONVERSION = YES;
				CLANG_WARN_COMMA = YES;
				CLANG_WARN_CONSTANT_CONVERSION = YES;
				CLANG_WARN_DEPRECATED_OBJC_IMPLEMENTATIONS = YES;
				CLANG_WARN_DIRECT_OBJC_ISA_USAGE = YES_ERROR;
				CLANG_WARN_DOCUMENTATION_COMMENTS = YES;
				CLANG_WARN_EMPTY_BODY = YES;
				CLANG_WARN_ENUM_CONVERSION = YES;
				CLANG_WARN_INFINITE_RECURSION = YES;
				CLANG_WARN_INT_CONVERSION = YES;
				CLANG_WARN_NON_LITERAL_NULL_CONVERSION = YES;
				CLANG_WARN_OBJC_IMPLICIT_RETAIN_SELF = YES;
				CLANG_WARN_OBJC_LITERAL_CONVERSION = YES;
				CLANG_WARN_OBJC_ROOT_CLASS = YES_ERROR;
				CLANG_WARN_RANGE_LOOP_ANALYSIS = YES;
				CLANG_WARN_STRICT_PROTOTYPES = YES;
				CLANG_WARN_SUSPICIOUS_MOVE = YES;
				CLANG_WARN_UNGUARDED_AVAILABILITY = YES_AGGRESSIVE;
				CLANG_WARN_UNREACHABLE_CODE = YES;
				CLANG_WARN__DUPLICATE_METHOD_MATCH = YES;
				COPY_PHASE_STRIP = NO;
				DEBUG_INFORMATION_FORMAT = "dwarf-with-dsym";
				ENABLE_NS_ASSERTIONS = NO;
				ENABLE_STRICT_OBJC_MSGSEND = YES;
				GCC_C_LANGUAGE_STANDARD = gnu11;
				GCC_NO_COMMON_BLOCKS = YES;
				GCC_WARN_64_TO_32_BIT_CONVERSION = YES;
				GCC_WARN_ABOUT_RETURN_TYPE = YES_ERROR;
				GCC_WARN_UNDECLARED_SELECTOR = YES;
				GCC_WARN_UNINITIALIZED_AUTOS = YES_AGGRESSIVE;
				GCC_WARN_UNUSED_FUNCTION = YES;
				GCC_WARN_UNUSED_VARIABLE = YES;
				IPHONEOS_DEPLOYMENT_TARGET = 13.4;
				MTL_ENABLE_DEBUG_INFO = NO;
				MTL_FAST_MATH = YES;
				SDKROOT = iphoneos;
				SWIFT_COMPILATION_MODE = wholemodule;
				SWIFT_OPTIMIZATION_LEVEL = "-O";
				VALIDATE_PRODUCT = YES;
			};
			name = Release;
		};
		D07296C0246B2EE70009313D /* Debug */ = {
			isa = XCBuildConfiguration;
			baseConfigurationReference = 069E97DF3F0B8E6BF7CCD352 /* Pods-NobleGoal.debug.xcconfig */;
			buildSettings = {
				ALWAYS_EMBED_SWIFT_STANDARD_LIBRARIES = YES;
				ASSETCATALOG_COMPILER_APPICON_NAME = AppIcon;
				CODE_SIGN_STYLE = Automatic;
				DEVELOPMENT_TEAM = B4Q34X3MCH;
				INFOPLIST_FILE = NobleGoal/Config/Info.plist;
				IPHONEOS_DEPLOYMENT_TARGET = 13.0;
				LD_RUNPATH_SEARCH_PATHS = (
					"$(inherited)",
					"@executable_path/Frameworks",
				);
				PRODUCT_BUNDLE_IDENTIFIER = com.mikeChernikov.NobleGoal;
				PRODUCT_NAME = "$(TARGET_NAME)";
				SWIFT_VERSION = 5.0;
				TARGETED_DEVICE_FAMILY = "1,2";
			};
			name = Debug;
		};
		D07296C1246B2EE70009313D /* Release */ = {
			isa = XCBuildConfiguration;
			baseConfigurationReference = B47E8614F5105EC25C93DA44 /* Pods-NobleGoal.release.xcconfig */;
			buildSettings = {
				ALWAYS_EMBED_SWIFT_STANDARD_LIBRARIES = YES;
				ASSETCATALOG_COMPILER_APPICON_NAME = AppIcon;
				CODE_SIGN_STYLE = Automatic;
				DEVELOPMENT_TEAM = B4Q34X3MCH;
				INFOPLIST_FILE = NobleGoal/Config/Info.plist;
				IPHONEOS_DEPLOYMENT_TARGET = 13.0;
				LD_RUNPATH_SEARCH_PATHS = (
					"$(inherited)",
					"@executable_path/Frameworks",
				);
				PRODUCT_BUNDLE_IDENTIFIER = com.mikeChernikov.NobleGoal;
				PRODUCT_NAME = "$(TARGET_NAME)";
				SWIFT_VERSION = 5.0;
				TARGETED_DEVICE_FAMILY = "1,2";
			};
			name = Release;
		};
		D07296C3246B2EE70009313D /* Debug */ = {
			isa = XCBuildConfiguration;
			baseConfigurationReference = B56DFACD63816818BC90C1F4 /* Pods-NobleGoalTests.debug.xcconfig */;
			buildSettings = {
				ALWAYS_EMBED_SWIFT_STANDARD_LIBRARIES = YES;
				BUNDLE_LOADER = "$(TEST_HOST)";
				CODE_SIGN_STYLE = Automatic;
				DEVELOPMENT_TEAM = E9N85AE4T8;
				INFOPLIST_FILE = NobleGoalTests/Config/Info.plist;
				IPHONEOS_DEPLOYMENT_TARGET = 13.4;
				LD_RUNPATH_SEARCH_PATHS = (
					"$(inherited)",
					"@executable_path/Frameworks",
					"@loader_path/Frameworks",
				);
				PRODUCT_BUNDLE_IDENTIFIER = com.mikeChernikov.NobleGoalTests;
				PRODUCT_NAME = "$(TARGET_NAME)";
				SWIFT_VERSION = 5.0;
				TARGETED_DEVICE_FAMILY = "1,2";
				TEST_HOST = "$(BUILT_PRODUCTS_DIR)/NobleGoal.app/NobleGoal";
			};
			name = Debug;
		};
		D07296C4246B2EE70009313D /* Release */ = {
			isa = XCBuildConfiguration;
			baseConfigurationReference = FD2FDFB6E5BDB8A9A1955923 /* Pods-NobleGoalTests.release.xcconfig */;
			buildSettings = {
				ALWAYS_EMBED_SWIFT_STANDARD_LIBRARIES = YES;
				BUNDLE_LOADER = "$(TEST_HOST)";
				CODE_SIGN_STYLE = Automatic;
				DEVELOPMENT_TEAM = E9N85AE4T8;
				INFOPLIST_FILE = NobleGoalTests/Config/Info.plist;
				IPHONEOS_DEPLOYMENT_TARGET = 13.4;
				LD_RUNPATH_SEARCH_PATHS = (
					"$(inherited)",
					"@executable_path/Frameworks",
					"@loader_path/Frameworks",
				);
				PRODUCT_BUNDLE_IDENTIFIER = com.mikeChernikov.NobleGoalTests;
				PRODUCT_NAME = "$(TARGET_NAME)";
				SWIFT_VERSION = 5.0;
				TARGETED_DEVICE_FAMILY = "1,2";
				TEST_HOST = "$(BUILT_PRODUCTS_DIR)/NobleGoal.app/NobleGoal";
			};
			name = Release;
		};
		D07296C6246B2EE70009313D /* Debug */ = {
			isa = XCBuildConfiguration;
			baseConfigurationReference = 0DD25B166E7C67744D3AD34F /* Pods-NobleGoal-NobleGoalUITests.debug.xcconfig */;
			buildSettings = {
				ALWAYS_EMBED_SWIFT_STANDARD_LIBRARIES = YES;
				CODE_SIGN_STYLE = Automatic;
				DEVELOPMENT_TEAM = E9N85AE4T8;
				INFOPLIST_FILE = NobleGoalUITests/Info.plist;
				LD_RUNPATH_SEARCH_PATHS = (
					"$(inherited)",
					"@executable_path/Frameworks",
					"@loader_path/Frameworks",
				);
				PRODUCT_BUNDLE_IDENTIFIER = com.mikeChernikov.NobleGoalUITests;
				PRODUCT_NAME = "$(TARGET_NAME)";
				SWIFT_VERSION = 5.0;
				TARGETED_DEVICE_FAMILY = "1,2";
				TEST_TARGET_NAME = NobleGoal;
			};
			name = Debug;
		};
		D07296C7246B2EE70009313D /* Release */ = {
			isa = XCBuildConfiguration;
			baseConfigurationReference = C5B239ECBA1062057CE5D00A /* Pods-NobleGoal-NobleGoalUITests.release.xcconfig */;
			buildSettings = {
				ALWAYS_EMBED_SWIFT_STANDARD_LIBRARIES = YES;
				CODE_SIGN_STYLE = Automatic;
				DEVELOPMENT_TEAM = E9N85AE4T8;
				INFOPLIST_FILE = NobleGoalUITests/Info.plist;
				LD_RUNPATH_SEARCH_PATHS = (
					"$(inherited)",
					"@executable_path/Frameworks",
					"@loader_path/Frameworks",
				);
				PRODUCT_BUNDLE_IDENTIFIER = com.mikeChernikov.NobleGoalUITests;
				PRODUCT_NAME = "$(TARGET_NAME)";
				SWIFT_VERSION = 5.0;
				TARGETED_DEVICE_FAMILY = "1,2";
				TEST_TARGET_NAME = NobleGoal;
			};
			name = Release;
		};
/* End XCBuildConfiguration section */

/* Begin XCConfigurationList section */
		D00DBA7B24E333E500375277 /* Build configuration list for PBXNativeTarget "NobleGoalUIKit" */ = {
			isa = XCConfigurationList;
			buildConfigurations = (
				D00DBA7C24E333E500375277 /* Debug */,
				D00DBA7D24E333E500375277 /* Release */,
			);
			defaultConfigurationIsVisible = 0;
			defaultConfigurationName = Release;
		};
		D0729690246B2EE40009313D /* Build configuration list for PBXProject "NobleGoal" */ = {
			isa = XCConfigurationList;
			buildConfigurations = (
				D07296BD246B2EE70009313D /* Debug */,
				D07296BE246B2EE70009313D /* Release */,
			);
			defaultConfigurationIsVisible = 0;
			defaultConfigurationName = Release;
		};
		D07296BF246B2EE70009313D /* Build configuration list for PBXNativeTarget "NobleGoal" */ = {
			isa = XCConfigurationList;
			buildConfigurations = (
				D07296C0246B2EE70009313D /* Debug */,
				D07296C1246B2EE70009313D /* Release */,
			);
			defaultConfigurationIsVisible = 0;
			defaultConfigurationName = Release;
		};
		D07296C2246B2EE70009313D /* Build configuration list for PBXNativeTarget "NobleGoalTests" */ = {
			isa = XCConfigurationList;
			buildConfigurations = (
				D07296C3246B2EE70009313D /* Debug */,
				D07296C4246B2EE70009313D /* Release */,
			);
			defaultConfigurationIsVisible = 0;
			defaultConfigurationName = Release;
		};
		D07296C5246B2EE70009313D /* Build configuration list for PBXNativeTarget "NobleGoalUITests" */ = {
			isa = XCConfigurationList;
			buildConfigurations = (
				D07296C6246B2EE70009313D /* Debug */,
				D07296C7246B2EE70009313D /* Release */,
			);
			defaultConfigurationIsVisible = 0;
			defaultConfigurationName = Release;
		};
/* End XCConfigurationList section */
	};
	rootObject = D072968D246B2EE40009313D /* Project object */;
}
