// !$*UTF8*$!
{
	archiveVersion = 1;
	classes = {
	};
	objectVersion = 50;
	objects = {

/* Begin PBXBuildFile section */
		D0729699246B2EE40009313D /* AppDelegate.swift in Sources */ = {isa = PBXBuildFile; fileRef = D0729698246B2EE40009313D /* AppDelegate.swift */; };
		D072969B246B2EE40009313D /* SceneDelegate.swift in Sources */ = {isa = PBXBuildFile; fileRef = D072969A246B2EE40009313D /* SceneDelegate.swift */; };
		D072969D246B2EE40009313D /* ViewController.swift in Sources */ = {isa = PBXBuildFile; fileRef = D072969C246B2EE40009313D /* ViewController.swift */; };
		D07296A0246B2EE40009313D /* Main.storyboard in Resources */ = {isa = PBXBuildFile; fileRef = D072969E246B2EE40009313D /* Main.storyboard */; };
		D07296A2246B2EE70009313D /* Assets.xcassets in Resources */ = {isa = PBXBuildFile; fileRef = D07296A1246B2EE70009313D /* Assets.xcassets */; };
		D07296A5246B2EE70009313D /* LaunchScreen.storyboard in Resources */ = {isa = PBXBuildFile; fileRef = D07296A3246B2EE70009313D /* LaunchScreen.storyboard */; };
		D07296B0246B2EE70009313D /* NobleGoalTests.swift in Sources */ = {isa = PBXBuildFile; fileRef = D07296AF246B2EE70009313D /* NobleGoalTests.swift */; };
		D07296BB246B2EE70009313D /* NobleGoalUITests.swift in Sources */ = {isa = PBXBuildFile; fileRef = D07296BA246B2EE70009313D /* NobleGoalUITests.swift */; };
/* End PBXBuildFile section */

/* Begin PBXContainerItemProxy section */
		D07296AC246B2EE70009313D /* PBXContainerItemProxy */ = {
			isa = PBXContainerItemProxy;
			containerPortal = D072968D246B2EE40009313D /* Project object */;
			proxyType = 1;
			remoteGlobalIDString = D0729694246B2EE40009313D;
			remoteInfo = NobleGoal;
		};
		D07296B7246B2EE70009313D /* PBXContainerItemProxy */ = {
			isa = PBXContainerItemProxy;
			containerPortal = D072968D246B2EE40009313D /* Project object */;
			proxyType = 1;
			remoteGlobalIDString = D0729694246B2EE40009313D;
			remoteInfo = NobleGoal;
		};
/* End PBXContainerItemProxy section */

/* Begin PBXFileReference section */
		D0729695246B2EE40009313D /* NobleGoal.app */ = {isa = PBXFileReference; explicitFileType = wrapper.application; includeInIndex = 0; path = NobleGoal.app; sourceTree = BUILT_PRODUCTS_DIR; };
		D0729698246B2EE40009313D /* AppDelegate.swift */ = {isa = PBXFileReference; lastKnownFileType = sourcecode.swift; path = AppDelegate.swift; sourceTree = "<group>"; };
		D072969A246B2EE40009313D /* SceneDelegate.swift */ = {isa = PBXFileReference; lastKnownFileType = sourcecode.swift; path = SceneDelegate.swift; sourceTree = "<group>"; };
		D072969C246B2EE40009313D /* ViewController.swift */ = {isa = PBXFileReference; lastKnownFileType = sourcecode.swift; path = ViewController.swift; sourceTree = "<group>"; };
		D072969F246B2EE40009313D /* Base */ = {isa = PBXFileReference; lastKnownFileType = file.storyboard; name = Base; path = Base.lproj/Main.storyboard; sourceTree = "<group>"; };
		D07296A1246B2EE70009313D /* Assets.xcassets */ = {isa = PBXFileReference; lastKnownFileType = folder.assetcatalog; path = Assets.xcassets; sourceTree = "<group>"; };
		D07296A4246B2EE70009313D /* Base */ = {isa = PBXFileReference; lastKnownFileType = file.storyboard; name = Base; path = Base.lproj/LaunchScreen.storyboard; sourceTree = "<group>"; };
		D07296A6246B2EE70009313D /* Info.plist */ = {isa = PBXFileReference; lastKnownFileType = text.plist.xml; path = Info.plist; sourceTree = "<group>"; };
		D07296AB246B2EE70009313D /* NobleGoalTests.xctest */ = {isa = PBXFileReference; explicitFileType = wrapper.cfbundle; includeInIndex = 0; path = NobleGoalTests.xctest; sourceTree = BUILT_PRODUCTS_DIR; };
		D07296AF246B2EE70009313D /* NobleGoalTests.swift */ = {isa = PBXFileReference; lastKnownFileType = sourcecode.swift; path = NobleGoalTests.swift; sourceTree = "<group>"; };
		D07296B1246B2EE70009313D /* Info.plist */ = {isa = PBXFileReference; lastKnownFileType = text.plist.xml; path = Info.plist; sourceTree = "<group>"; };
		D07296B6246B2EE70009313D /* NobleGoalUITests.xctest */ = {isa = PBXFileReference; explicitFileType = wrapper.cfbundle; includeInIndex = 0; path = NobleGoalUITests.xctest; sourceTree = BUILT_PRODUCTS_DIR; };
		D07296BA246B2EE70009313D /* NobleGoalUITests.swift */ = {isa = PBXFileReference; lastKnownFileType = sourcecode.swift; path = NobleGoalUITests.swift; sourceTree = "<group>"; };
		D07296BC246B2EE70009313D /* Info.plist */ = {isa = PBXFileReference; lastKnownFileType = text.plist.xml; path = Info.plist; sourceTree = "<group>"; };
/* End PBXFileReference section */

/* Begin PBXFrameworksBuildPhase section */
		D0729692246B2EE40009313D /* Frameworks */ = {
			isa = PBXFrameworksBuildPhase;
			buildActionMask = 2147483647;
			files = (
			);
			runOnlyForDeploymentPostprocessing = 0;
		};
		D07296A8246B2EE70009313D /* Frameworks */ = {
			isa = PBXFrameworksBuildPhase;
			buildActionMask = 2147483647;
			files = (
			);
			runOnlyForDeploymentPostprocessing = 0;
		};
		D07296B3246B2EE70009313D /* Frameworks */ = {
			isa = PBXFrameworksBuildPhase;
			buildActionMask = 2147483647;
			files = (
			);
			runOnlyForDeploymentPostprocessing = 0;
		};
/* End PBXFrameworksBuildPhase section */

/* Begin PBXGroup section */
		D072968C246B2EE40009313D = {
			isa = PBXGroup;
			children = (
				D0729697246B2EE40009313D /* NobleGoal */,
				D07296AE246B2EE70009313D /* NobleGoalTests */,
				D07296B9246B2EE70009313D /* NobleGoalUITests */,
				D0729696246B2EE40009313D /* Products */,
			);
			sourceTree = "<group>";
		};
		D0729696246B2EE40009313D /* Products */ = {
			isa = PBXGroup;
			children = (
				D0729695246B2EE40009313D /* NobleGoal.app */,
				D07296AB246B2EE70009313D /* NobleGoalTests.xctest */,
				D07296B6246B2EE70009313D /* NobleGoalUITests.xctest */,
			);
			name = Products;
			sourceTree = "<group>";
		};
		D0729697246B2EE40009313D /* NobleGoal */ = {
			isa = PBXGroup;
			children = (
				D0729698246B2EE40009313D /* AppDelegate.swift */,
				D072969A246B2EE40009313D /* SceneDelegate.swift */,
				D072969C246B2EE40009313D /* ViewController.swift */,
				D072969E246B2EE40009313D /* Main.storyboard */,
				D07296A1246B2EE70009313D /* Assets.xcassets */,
				D07296A3246B2EE70009313D /* LaunchScreen.storyboard */,
				D07296A6246B2EE70009313D /* Info.plist */,
			);
			path = NobleGoal;
			sourceTree = "<group>";
		};
		D07296AE246B2EE70009313D /* NobleGoalTests */ = {
			isa = PBXGroup;
			children = (
				D07296AF246B2EE70009313D /* NobleGoalTests.swift */,
				D07296B1246B2EE70009313D /* Info.plist */,
			);
			path = NobleGoalTests;
			sourceTree = "<group>";
		};
		D07296B9246B2EE70009313D /* NobleGoalUITests */ = {
			isa = PBXGroup;
			children = (
				D07296BA246B2EE70009313D /* NobleGoalUITests.swift */,
				D07296BC246B2EE70009313D /* Info.plist */,
			);
			path = NobleGoalUITests;
			sourceTree = "<group>";
		};
/* End PBXGroup section */

/* Begin PBXNativeTarget section */
		D0729694246B2EE40009313D /* NobleGoal */ = {
			isa = PBXNativeTarget;
			buildConfigurationList = D07296BF246B2EE70009313D /* Build configuration list for PBXNativeTarget "NobleGoal" */;
			buildPhases = (
				D0729691246B2EE40009313D /* Sources */,
				D0729692246B2EE40009313D /* Frameworks */,
				D0729693246B2EE40009313D /* Resources */,
			);
			buildRules = (
			);
			dependencies = (
			);
			name = NobleGoal;
			productName = NobleGoal;
			productReference = D0729695246B2EE40009313D /* NobleGoal.app */;
			productType = "com.apple.product-type.application";
		};
		D07296AA246B2EE70009313D /* NobleGoalTests */ = {
			isa = PBXNativeTarget;
			buildConfigurationList = D07296C2246B2EE70009313D /* Build configuration list for PBXNativeTarget "NobleGoalTests" */;
			buildPhases = (
				D07296A7246B2EE70009313D /* Sources */,
				D07296A8246B2EE70009313D /* Frameworks */,
				D07296A9246B2EE70009313D /* Resources */,
			);
			buildRules = (
			);
			dependencies = (
				D07296AD246B2EE70009313D /* PBXTargetDependency */,
			);
			name = NobleGoalTests;
			productName = NobleGoalTests;
			productReference = D07296AB246B2EE70009313D /* NobleGoalTests.xctest */;
			productType = "com.apple.product-type.bundle.unit-test";
		};
		D07296B5246B2EE70009313D /* NobleGoalUITests */ = {
			isa = PBXNativeTarget;
			buildConfigurationList = D07296C5246B2EE70009313D /* Build configuration list for PBXNativeTarget "NobleGoalUITests" */;
			buildPhases = (
				D07296B2246B2EE70009313D /* Sources */,
				D07296B3246B2EE70009313D /* Frameworks */,
				D07296B4246B2EE70009313D /* Resources */,
			);
			buildRules = (
			);
			dependencies = (
				D07296B8246B2EE70009313D /* PBXTargetDependency */,
			);
			name = NobleGoalUITests;
			productName = NobleGoalUITests;
			productReference = D07296B6246B2EE70009313D /* NobleGoalUITests.xctest */;
			productType = "com.apple.product-type.bundle.ui-testing";
		};
/* End PBXNativeTarget section */

/* Begin PBXProject section */
		D072968D246B2EE40009313D /* Project object */ = {
			isa = PBXProject;
			attributes = {
				LastSwiftUpdateCheck = 1140;
				LastUpgradeCheck = 1140;
				ORGANIZATIONNAME = "Mike Chernikov";
				TargetAttributes = {
					D0729694246B2EE40009313D = {
						CreatedOnToolsVersion = 11.4;
					};
					D07296AA246B2EE70009313D = {
						CreatedOnToolsVersion = 11.4;
						TestTargetID = D0729694246B2EE40009313D;
					};
					D07296B5246B2EE70009313D = {
						CreatedOnToolsVersion = 11.4;
						TestTargetID = D0729694246B2EE40009313D;
					};
				};
			};
			buildConfigurationList = D0729690246B2EE40009313D /* Build configuration list for PBXProject "NobleGoal" */;
			compatibilityVersion = "Xcode 9.3";
			developmentRegion = en;
			hasScannedForEncodings = 0;
			knownRegions = (
				en,
				Base,
			);
			mainGroup = D072968C246B2EE40009313D;
			productRefGroup = D0729696246B2EE40009313D /* Products */;
			projectDirPath = "";
			projectRoot = "";
			targets = (
				D0729694246B2EE40009313D /* NobleGoal */,
				D07296AA246B2EE70009313D /* NobleGoalTests */,
				D07296B5246B2EE70009313D /* NobleGoalUITests */,
			);
		};
/* End PBXProject section */

/* Begin PBXResourcesBuildPhase section */
		D0729693246B2EE40009313D /* Resources */ = {
			isa = PBXResourcesBuildPhase;
			buildActionMask = 2147483647;
			files = (
				D07296A5246B2EE70009313D /* LaunchScreen.storyboard in Resources */,
				D07296A2246B2EE70009313D /* Assets.xcassets in Resources */,
				D07296A0246B2EE40009313D /* Main.storyboard in Resources */,
			);
			runOnlyForDeploymentPostprocessing = 0;
		};
		D07296A9246B2EE70009313D /* Resources */ = {
			isa = PBXResourcesBuildPhase;
			buildActionMask = 2147483647;
			files = (
			);
			runOnlyForDeploymentPostprocessing = 0;
		};
		D07296B4246B2EE70009313D /* Resources */ = {
			isa = PBXResourcesBuildPhase;
			buildActionMask = 2147483647;
			files = (
			);
			runOnlyForDeploymentPostprocessing = 0;
		};
/* End PBXResourcesBuildPhase section */

/* Begin PBXSourcesBuildPhase section */
		D0729691246B2EE40009313D /* Sources */ = {
			isa = PBXSourcesBuildPhase;
			buildActionMask = 2147483647;
			files = (
				D072969D246B2EE40009313D /* ViewController.swift in Sources */,
				D0729699246B2EE40009313D /* AppDelegate.swift in Sources */,
				D072969B246B2EE40009313D /* SceneDelegate.swift in Sources */,
			);
			runOnlyForDeploymentPostprocessing = 0;
		};
		D07296A7246B2EE70009313D /* Sources */ = {
			isa = PBXSourcesBuildPhase;
			buildActionMask = 2147483647;
			files = (
				D07296B0246B2EE70009313D /* NobleGoalTests.swift in Sources */,
			);
			runOnlyForDeploymentPostprocessing = 0;
		};
		D07296B2246B2EE70009313D /* Sources */ = {
			isa = PBXSourcesBuildPhase;
			buildActionMask = 2147483647;
			files = (
				D07296BB246B2EE70009313D /* NobleGoalUITests.swift in Sources */,
			);
			runOnlyForDeploymentPostprocessing = 0;
		};
/* End PBXSourcesBuildPhase section */

/* Begin PBXTargetDependency section */
		D07296AD246B2EE70009313D /* PBXTargetDependency */ = {
			isa = PBXTargetDependency;
			target = D0729694246B2EE40009313D /* NobleGoal */;
			targetProxy = D07296AC246B2EE70009313D /* PBXContainerItemProxy */;
		};
		D07296B8246B2EE70009313D /* PBXTargetDependency */ = {
			isa = PBXTargetDependency;
			target = D0729694246B2EE40009313D /* NobleGoal */;
			targetProxy = D07296B7246B2EE70009313D /* PBXContainerItemProxy */;
		};
/* End PBXTargetDependency section */

/* Begin PBXVariantGroup section */
		D072969E246B2EE40009313D /* Main.storyboard */ = {
			isa = PBXVariantGroup;
			children = (
				D072969F246B2EE40009313D /* Base */,
			);
			name = Main.storyboard;
			sourceTree = "<group>";
		};
		D07296A3246B2EE70009313D /* LaunchScreen.storyboard */ = {
			isa = PBXVariantGroup;
			children = (
				D07296A4246B2EE70009313D /* Base */,
			);
			name = LaunchScreen.storyboard;
			sourceTree = "<group>";
		};
/* End PBXVariantGroup section */

/* Begin XCBuildConfiguration section */
		D07296BD246B2EE70009313D /* Debug */ = {
			isa = XCBuildConfiguration;
			buildSettings = {
				ALWAYS_SEARCH_USER_PATHS = NO;
				CLANG_ANALYZER_NONNULL = YES;
				CLANG_ANALYZER_NUMBER_OBJECT_CONVERSION = YES_AGGRESSIVE;
				CLANG_CXX_LANGUAGE_STANDARD = "gnu++14";
				CLANG_CXX_LIBRARY = "libc++";
				CLANG_ENABLE_MODULES = YES;
				CLANG_ENABLE_OBJC_ARC = YES;
				CLANG_ENABLE_OBJC_WEAK = YES;
				CLANG_WARN_BLOCK_CAPTURE_AUTORELEASING = YES;
				CLANG_WARN_BOOL_CONVERSION = YES;
				CLANG_WARN_COMMA = YES;
				CLANG_WARN_CONSTANT_CONVERSION = YES;
				CLANG_WARN_DEPRECATED_OBJC_IMPLEMENTATIONS = YES;
				CLANG_WARN_DIRECT_OBJC_ISA_USAGE = YES_ERROR;
				CLANG_WARN_DOCUMENTATION_COMMENTS = YES;
				CLANG_WARN_EMPTY_BODY = YES;
				CLANG_WARN_ENUM_CONVERSION = YES;
				CLANG_WARN_INFINITE_RECURSION = YES;
				CLANG_WARN_INT_CONVERSION = YES;
				CLANG_WARN_NON_LITERAL_NULL_CONVERSION = YES;
				CLANG_WARN_OBJC_IMPLICIT_RETAIN_SELF = YES;
				CLANG_WARN_OBJC_LITERAL_CONVERSION = YES;
				CLANG_WARN_OBJC_ROOT_CLASS = YES_ERROR;
				CLANG_WARN_RANGE_LOOP_ANALYSIS = YES;
				CLANG_WARN_STRICT_PROTOTYPES = YES;
				CLANG_WARN_SUSPICIOUS_MOVE = YES;
				CLANG_WARN_UNGUARDED_AVAILABILITY = YES_AGGRESSIVE;
				CLANG_WARN_UNREACHABLE_CODE = YES;
				CLANG_WARN__DUPLICATE_METHOD_MATCH = YES;
				COPY_PHASE_STRIP = NO;
				DEBUG_INFORMATION_FORMAT = dwarf;
				ENABLE_STRICT_OBJC_MSGSEND = YES;
				ENABLE_TESTABILITY = YES;
				GCC_C_LANGUAGE_STANDARD = gnu11;
				GCC_DYNAMIC_NO_PIC = NO;
				GCC_NO_COMMON_BLOCKS = YES;
				GCC_OPTIMIZATION_LEVEL = 0;
				GCC_PREPROCESSOR_DEFINITIONS = (
					"DEBUG=1",
					"$(inherited)",
				);
				GCC_WARN_64_TO_32_BIT_CONVERSION = YES;
				GCC_WARN_ABOUT_RETURN_TYPE = YES_ERROR;
				GCC_WARN_UNDECLARED_SELECTOR = YES;
				GCC_WARN_UNINITIALIZED_AUTOS = YES_AGGRESSIVE;
				GCC_WARN_UNUSED_FUNCTION = YES;
				GCC_WARN_UNUSED_VARIABLE = YES;
				IPHONEOS_DEPLOYMENT_TARGET = 13.4;
				MTL_ENABLE_DEBUG_INFO = INCLUDE_SOURCE;
				MTL_FAST_MATH = YES;
				ONLY_ACTIVE_ARCH = YES;
				SDKROOT = iphoneos;
				SWIFT_ACTIVE_COMPILATION_CONDITIONS = DEBUG;
				SWIFT_OPTIMIZATION_LEVEL = "-Onone";
			};
			name = Debug;
		};
		D07296BE246B2EE70009313D /* Release */ = {
			isa = XCBuildConfiguration;
			buildSettings = {
				ALWAYS_SEARCH_USER_PATHS = NO;
				CLANG_ANALYZER_NONNULL = YES;
				CLANG_ANALYZER_NUMBER_OBJECT_CONVERSION = YES_AGGRESSIVE;
				CLANG_CXX_LANGUAGE_STANDARD = "gnu++14";
				CLANG_CXX_LIBRARY = "libc++";
				CLANG_ENABLE_MODULES = YES;
				CLANG_ENABLE_OBJC_ARC = YES;
				CLANG_ENABLE_OBJC_WEAK = YES;
				CLANG_WARN_BLOCK_CAPTURE_AUTORELEASING = YES;
				CLANG_WARN_BOOL_CONVERSION = YES;
				CLANG_WARN_COMMA = YES;
				CLANG_WARN_CONSTANT_CONVERSION = YES;
				CLANG_WARN_DEPRECATED_OBJC_IMPLEMENTATIONS = YES;
				CLANG_WARN_DIRECT_OBJC_ISA_USAGE = YES_ERROR;
				CLANG_WARN_DOCUMENTATION_COMMENTS = YES;
				CLANG_WARN_EMPTY_BODY = YES;
				CLANG_WARN_ENUM_CONVERSION = YES;
				CLANG_WARN_INFINITE_RECURSION = YES;
				CLANG_WARN_INT_CONVERSION = YES;
				CLANG_WARN_NON_LITERAL_NULL_CONVERSION = YES;
				CLANG_WARN_OBJC_IMPLICIT_RETAIN_SELF = YES;
				CLANG_WARN_OBJC_LITERAL_CONVERSION = YES;
				CLANG_WARN_OBJC_ROOT_CLASS = YES_ERROR;
				CLANG_WARN_RANGE_LOOP_ANALYSIS = YES;
				CLANG_WARN_STRICT_PROTOTYPES = YES;
				CLANG_WARN_SUSPICIOUS_MOVE = YES;
				CLANG_WARN_UNGUARDED_AVAILABILITY = YES_AGGRESSIVE;
				CLANG_WARN_UNREACHABLE_CODE = YES;
				CLANG_WARN__DUPLICATE_METHOD_MATCH = YES;
				COPY_PHASE_STRIP = NO;
				DEBUG_INFORMATION_FORMAT = "dwarf-with-dsym";
				ENABLE_NS_ASSERTIONS = NO;
				ENABLE_STRICT_OBJC_MSGSEND = YES;
				GCC_C_LANGUAGE_STANDARD = gnu11;
				GCC_NO_COMMON_BLOCKS = YES;
				GCC_WARN_64_TO_32_BIT_CONVERSION = YES;
				GCC_WARN_ABOUT_RETURN_TYPE = YES_ERROR;
				GCC_WARN_UNDECLARED_SELECTOR = YES;
				GCC_WARN_UNINITIALIZED_AUTOS = YES_AGGRESSIVE;
				GCC_WARN_UNUSED_FUNCTION = YES;
				GCC_WARN_UNUSED_VARIABLE = YES;
				IPHONEOS_DEPLOYMENT_TARGET = 13.4;
				MTL_ENABLE_DEBUG_INFO = NO;
				MTL_FAST_MATH = YES;
				SDKROOT = iphoneos;
				SWIFT_COMPILATION_MODE = wholemodule;
				SWIFT_OPTIMIZATION_LEVEL = "-O";
				VALIDATE_PRODUCT = YES;
			};
			name = Release;
		};
		D07296C0246B2EE70009313D /* Debug */ = {
			isa = XCBuildConfiguration;
			buildSettings = {
				ASSETCATALOG_COMPILER_APPICON_NAME = AppIcon;
				CODE_SIGN_STYLE = Automatic;
				DEVELOPMENT_TEAM = E9N85AE4T8;
				INFOPLIST_FILE = NobleGoal/Info.plist;
				LD_RUNPATH_SEARCH_PATHS = (
					"$(inherited)",
					"@executable_path/Frameworks",
				);
				PRODUCT_BUNDLE_IDENTIFIER = com.mikeChernikov.NobleGoal;
				PRODUCT_NAME = "$(TARGET_NAME)";
				SWIFT_VERSION = 5.0;
				TARGETED_DEVICE_FAMILY = "1,2";
			};
			name = Debug;
		};
		D07296C1246B2EE70009313D /* Release */ = {
			isa = XCBuildConfiguration;
			buildSettings = {
				ASSETCATALOG_COMPILER_APPICON_NAME = AppIcon;
				CODE_SIGN_STYLE = Automatic;
				DEVELOPMENT_TEAM = E9N85AE4T8;
				INFOPLIST_FILE = NobleGoal/Info.plist;
				LD_RUNPATH_SEARCH_PATHS = (
					"$(inherited)",
					"@executable_path/Frameworks",
				);
				PRODUCT_BUNDLE_IDENTIFIER = com.mikeChernikov.NobleGoal;
				PRODUCT_NAME = "$(TARGET_NAME)";
				SWIFT_VERSION = 5.0;
				TARGETED_DEVICE_FAMILY = "1,2";
			};
			name = Release;
		};
		D07296C3246B2EE70009313D /* Debug */ = {
			isa = XCBuildConfiguration;
			buildSettings = {
				ALWAYS_EMBED_SWIFT_STANDARD_LIBRARIES = YES;
				BUNDLE_LOADER = "$(TEST_HOST)";
				CODE_SIGN_STYLE = Automatic;
				DEVELOPMENT_TEAM = E9N85AE4T8;
				INFOPLIST_FILE = NobleGoalTests/Info.plist;
				IPHONEOS_DEPLOYMENT_TARGET = 13.4;
				LD_RUNPATH_SEARCH_PATHS = (
					"$(inherited)",
					"@executable_path/Frameworks",
					"@loader_path/Frameworks",
				);
				PRODUCT_BUNDLE_IDENTIFIER = com.mikeChernikov.NobleGoalTests;
				PRODUCT_NAME = "$(TARGET_NAME)";
				SWIFT_VERSION = 5.0;
				TARGETED_DEVICE_FAMILY = "1,2";
				TEST_HOST = "$(BUILT_PRODUCTS_DIR)/NobleGoal.app/NobleGoal";
			};
			name = Debug;
		};
		D07296C4246B2EE70009313D /* Release */ = {
			isa = XCBuildConfiguration;
			buildSettings = {
				ALWAYS_EMBED_SWIFT_STANDARD_LIBRARIES = YES;
				BUNDLE_LOADER = "$(TEST_HOST)";
				CODE_SIGN_STYLE = Automatic;
				DEVELOPMENT_TEAM = E9N85AE4T8;
				INFOPLIST_FILE = NobleGoalTests/Info.plist;
				IPHONEOS_DEPLOYMENT_TARGET = 13.4;
				LD_RUNPATH_SEARCH_PATHS = (
					"$(inherited)",
					"@executable_path/Frameworks",
					"@loader_path/Frameworks",
				);
				PRODUCT_BUNDLE_IDENTIFIER = com.mikeChernikov.NobleGoalTests;
				PRODUCT_NAME = "$(TARGET_NAME)";
				SWIFT_VERSION = 5.0;
				TARGETED_DEVICE_FAMILY = "1,2";
				TEST_HOST = "$(BUILT_PRODUCTS_DIR)/NobleGoal.app/NobleGoal";
			};
			name = Release;
		};
		D07296C6246B2EE70009313D /* Debug */ = {
			isa = XCBuildConfiguration;
			buildSettings = {
				ALWAYS_EMBED_SWIFT_STANDARD_LIBRARIES = YES;
				CODE_SIGN_STYLE = Automatic;
				DEVELOPMENT_TEAM = E9N85AE4T8;
				INFOPLIST_FILE = NobleGoalUITests/Info.plist;
				LD_RUNPATH_SEARCH_PATHS = (
					"$(inherited)",
					"@executable_path/Frameworks",
					"@loader_path/Frameworks",
				);
				PRODUCT_BUNDLE_IDENTIFIER = com.mikeChernikov.NobleGoalUITests;
				PRODUCT_NAME = "$(TARGET_NAME)";
				SWIFT_VERSION = 5.0;
				TARGETED_DEVICE_FAMILY = "1,2";
				TEST_TARGET_NAME = NobleGoal;
			};
			name = Debug;
		};
		D07296C7246B2EE70009313D /* Release */ = {
			isa = XCBuildConfiguration;
			buildSettings = {
				ALWAYS_EMBED_SWIFT_STANDARD_LIBRARIES = YES;
				CODE_SIGN_STYLE = Automatic;
				DEVELOPMENT_TEAM = E9N85AE4T8;
				INFOPLIST_FILE = NobleGoalUITests/Info.plist;
				LD_RUNPATH_SEARCH_PATHS = (
					"$(inherited)",
					"@executable_path/Frameworks",
					"@loader_path/Frameworks",
				);
				PRODUCT_BUNDLE_IDENTIFIER = com.mikeChernikov.NobleGoalUITests;
				PRODUCT_NAME = "$(TARGET_NAME)";
				SWIFT_VERSION = 5.0;
				TARGETED_DEVICE_FAMILY = "1,2";
				TEST_TARGET_NAME = NobleGoal;
			};
			name = Release;
		};
/* End XCBuildConfiguration section */

/* Begin XCConfigurationList section */
		D0729690246B2EE40009313D /* Build configuration list for PBXProject "NobleGoal" */ = {
			isa = XCConfigurationList;
			buildConfigurations = (
				D07296BD246B2EE70009313D /* Debug */,
				D07296BE246B2EE70009313D /* Release */,
			);
			defaultConfigurationIsVisible = 0;
			defaultConfigurationName = Release;
		};
		D07296BF246B2EE70009313D /* Build configuration list for PBXNativeTarget "NobleGoal" */ = {
			isa = XCConfigurationList;
			buildConfigurations = (
				D07296C0246B2EE70009313D /* Debug */,
				D07296C1246B2EE70009313D /* Release */,
			);
			defaultConfigurationIsVisible = 0;
			defaultConfigurationName = Release;
		};
		D07296C2246B2EE70009313D /* Build configuration list for PBXNativeTarget "NobleGoalTests" */ = {
			isa = XCConfigurationList;
			buildConfigurations = (
				D07296C3246B2EE70009313D /* Debug */,
				D07296C4246B2EE70009313D /* Release */,
			);
			defaultConfigurationIsVisible = 0;
			defaultConfigurationName = Release;
		};
		D07296C5246B2EE70009313D /* Build configuration list for PBXNativeTarget "NobleGoalUITests" */ = {
			isa = XCConfigurationList;
			buildConfigurations = (
				D07296C6246B2EE70009313D /* Debug */,
				D07296C7246B2EE70009313D /* Release */,
			);
			defaultConfigurationIsVisible = 0;
			defaultConfigurationName = Release;
		};
/* End XCConfigurationList section */
	};
	rootObject = D072968D246B2EE40009313D /* Project object */;
}
